
Microsoft Visual Studio Solution File, Format Version 12.00
# Visual Studio Version 16
VisualStudioVersion = 16.0.30320.27
MinimumVisualStudioVersion = 10.0.40219.1
Project("{FAE04EC0-301F-11D3-BF4B-00C04F79EFBC}") = "DesignPrinciples", "DesignPrinciples\DesignPrinciples.csproj", "{39305939-F29D-472A-8900-77145F46376A}"
EndProject
Global
	GlobalSection(SolutionConfigurationPlatforms) = preSolution
		Debug|Any CPU = Debug|Any CPU
		Release|Any CPU = Release|Any CPU
	EndGlobalSection
	GlobalSection(ProjectConfigurationPlatforms) = postSolution
		{39305939-F29D-472A-8900-77145F46376A}.Debug|Any CPU.ActiveCfg = Debug|Any CPU
		{39305939-F29D-472A-8900-77145F46376A}.Debug|Any CPU.Build.0 = Debug|Any CPU
		{39305939-F29D-472A-8900-77145F46376A}.Release|Any CPU.ActiveCfg = Release|Any CPU
		{39305939-F29D-472A-8900-77145F46376A}.Release|Any CPU.Build.0 = Release|Any CPU
	EndGlobalSection
	GlobalSection(SolutionProperties) = preSolution
		HideSolutionNode = FALSE
	EndGlobalSection
	GlobalSection(ExtensibilityGlobals) = postSolution
		SolutionGuid = {957B7900-A078-4205-B860-75866AD95BC0}
	EndGlobalSection
EndGlobal
